// !$*UTF8*$!
{
	archiveVersion = 1;
	classes = {
	};
	objectVersion = 46;
	objects = {

/* Begin PBXBuildFile section */
		5DB3076F134D4EEF0074CD9A /* UIKit.framework in Frameworks */ = {isa = PBXBuildFile; fileRef = 5DB3076E134D4EEF0074CD9A /* UIKit.framework */; };
		5DB30771134D4EEF0074CD9A /* Foundation.framework in Frameworks */ = {isa = PBXBuildFile; fileRef = 5DB30770134D4EEF0074CD9A /* Foundation.framework */; };
		5DB30773134D4EEF0074CD9A /* CoreGraphics.framework in Frameworks */ = {isa = PBXBuildFile; fileRef = 5DB30772134D4EEF0074CD9A /* CoreGraphics.framework */; };
		5DB30779134D4EEF0074CD9A /* InfoPlist.strings in Resources */ = {isa = PBXBuildFile; fileRef = 5DB30777134D4EEF0074CD9A /* InfoPlist.strings */; };
		5DB3077C134D4EEF0074CD9A /* main.m in Sources */ = {isa = PBXBuildFile; fileRef = 5DB3077B134D4EEF0074CD9A /* main.m */; };
		5DB3077F134D4EEF0074CD9A /* HttpWithObjectiveCAppDelegate.m in Sources */ = {isa = PBXBuildFile; fileRef = 5DB3077E134D4EEF0074CD9A /* HttpWithObjectiveCAppDelegate.m */; };
		5DB30782134D4EEF0074CD9A /* MainWindow.xib in Resources */ = {isa = PBXBuildFile; fileRef = 5DB30780134D4EEF0074CD9A /* MainWindow.xib */; };
		5DB30785134D4EEF0074CD9A /* HttpWithObjectiveCViewController.m in Sources */ = {isa = PBXBuildFile; fileRef = 5DB30784134D4EEF0074CD9A /* HttpWithObjectiveCViewController.m */; };
		5DB30788134D4EEF0074CD9A /* HttpWithObjectiveCViewController.xib in Resources */ = {isa = PBXBuildFile; fileRef = 5DB30786134D4EEF0074CD9A /* HttpWithObjectiveCViewController.xib */; };
/* End PBXBuildFile section */

/* Begin PBXFileReference section */
		5DB3076A134D4EEF0074CD9A /* HttpWithObjectiveC.app */ = {isa = PBXFileReference; explicitFileType = wrapper.application; includeInIndex = 0; path = HttpWithObjectiveC.app; sourceTree = BUILT_PRODUCTS_DIR; };
		5DB3076E134D4EEF0074CD9A /* UIKit.framework */ = {isa = PBXFileReference; lastKnownFileType = wrapper.framework; name = UIKit.framework; path = System/Library/Frameworks/UIKit.framework; sourceTree = SDKROOT; };
		5DB30770134D4EEF0074CD9A /* Foundation.framework */ = {isa = PBXFileReference; lastKnownFileType = wrapper.framework; name = Foundation.framework; path = System/Library/Frameworks/Foundation.framework; sourceTree = SDKROOT; };
		5DB30772134D4EEF0074CD9A /* CoreGraphics.framework */ = {isa = PBXFileReference; lastKnownFileType = wrapper.framework; name = CoreGraphics.framework; path = System/Library/Frameworks/CoreGraphics.framework; sourceTree = SDKROOT; };
		5DB30776134D4EEF0074CD9A /* HttpWithObjectiveC-Info.plist */ = {isa = PBXFileReference; lastKnownFileType = text.plist.xml; path = "HttpWithObjectiveC-Info.plist"; sourceTree = "<group>"; };
		5DB30778134D4EEF0074CD9A /* en */ = {isa = PBXFileReference; lastKnownFileType = text.plist.strings; name = en; path = en.lproj/InfoPlist.strings; sourceTree = "<group>"; };
		5DB3077A134D4EEF0074CD9A /* HttpWithObjectiveC-Prefix.pch */ = {isa = PBXFileReference; lastKnownFileType = sourcecode.c.h; path = "HttpWithObjectiveC-Prefix.pch"; sourceTree = "<group>"; };
		5DB3077B134D4EEF0074CD9A /* main.m */ = {isa = PBXFileReference; lastKnownFileType = sourcecode.c.objc; path = main.m; sourceTree = "<group>"; };
		5DB3077D134D4EEF0074CD9A /* HttpWithObjectiveCAppDelegate.h */ = {isa = PBXFileReference; lastKnownFileType = sourcecode.c.h; path = HttpWithObjectiveCAppDelegate.h; sourceTree = "<group>"; };
		5DB3077E134D4EEF0074CD9A /* HttpWithObjectiveCAppDelegate.m */ = {isa = PBXFileReference; lastKnownFileType = sourcecode.c.objc; path = HttpWithObjectiveCAppDelegate.m; sourceTree = "<group>"; };
		5DB30781134D4EEF0074CD9A /* en */ = {isa = PBXFileReference; lastKnownFileType = file.xib; name = en; path = en.lproj/MainWindow.xib; sourceTree = "<group>"; };
		5DB30783134D4EEF0074CD9A /* HttpWithObjectiveCViewController.h */ = {isa = PBXFileReference; lastKnownFileType = sourcecode.c.h; path = HttpWithObjectiveCViewController.h; sourceTree = "<group>"; };
		5DB30784134D4EEF0074CD9A /* HttpWithObjectiveCViewController.m */ = {isa = PBXFileReference; lastKnownFileType = sourcecode.c.objc; path = HttpWithObjectiveCViewController.m; sourceTree = "<group>"; };
		5DB30787134D4EEF0074CD9A /* en */ = {isa = PBXFileReference; lastKnownFileType = file.xib; name = en; path = en.lproj/HttpWithObjectiveCViewController.xib; sourceTree = "<group>"; };
/* End PBXFileReference section */

/* Begin PBXFrameworksBuildPhase section */
		5DB30767134D4EEF0074CD9A /* Frameworks */ = {
			isa = PBXFrameworksBuildPhase;
			buildActionMask = 2147483647;
			files = (
				5DB3076F134D4EEF0074CD9A /* UIKit.framework in Frameworks */,
				5DB30771134D4EEF0074CD9A /* Foundation.framework in Frameworks */,
				5DB30773134D4EEF0074CD9A /* CoreGraphics.framework in Frameworks */,
			);
			runOnlyForDeploymentPostprocessing = 0;
		};
/* End PBXFrameworksBuildPhase section */

/* Begin PBXGroup section */
		5DB3075F134D4EEF0074CD9A = {
			isa = PBXGroup;
			children = (
				5DB30774134D4EEF0074CD9A /* HttpWithObjectiveC */,
				5DB3076D134D4EEF0074CD9A /* Frameworks */,
				5DB3076B134D4EEF0074CD9A /* Products */,
			);
			sourceTree = "<group>";
		};
		5DB3076B134D4EEF0074CD9A /* Products */ = {
			isa = PBXGroup;
			children = (
				5DB3076A134D4EEF0074CD9A /* HttpWithObjectiveC.app */,
			);
			name = Products;
			sourceTree = "<group>";
		};
		5DB3076D134D4EEF0074CD9A /* Frameworks */ = {
			isa = PBXGroup;
			children = (
				5DB3076E134D4EEF0074CD9A /* UIKit.framework */,
				5DB30770134D4EEF0074CD9A /* Foundation.framework */,
				5DB30772134D4EEF0074CD9A /* CoreGraphics.framework */,
			);
			name = Frameworks;
			sourceTree = "<group>";
		};
		5DB30774134D4EEF0074CD9A /* HttpWithObjectiveC */ = {
			isa = PBXGroup;
			children = (
				5DB3077D134D4EEF0074CD9A /* HttpWithObjectiveCAppDelegate.h */,
				5DB3077E134D4EEF0074CD9A /* HttpWithObjectiveCAppDelegate.m */,
				5DB30780134D4EEF0074CD9A /* MainWindow.xib */,
				5DB30783134D4EEF0074CD9A /* HttpWithObjectiveCViewController.h */,
				5DB30784134D4EEF0074CD9A /* HttpWithObjectiveCViewController.m */,
				5DB30786134D4EEF0074CD9A /* HttpWithObjectiveCViewController.xib */,
				5DB30775134D4EEF0074CD9A /* Supporting Files */,
			);
			path = HttpWithObjectiveC;
			sourceTree = "<group>";
		};
		5DB30775134D4EEF0074CD9A /* Supporting Files */ = {
			isa = PBXGroup;
			children = (
				5DB30776134D4EEF0074CD9A /* HttpWithObjectiveC-Info.plist */,
				5DB30777134D4EEF0074CD9A /* InfoPlist.strings */,
				5DB3077A134D4EEF0074CD9A /* HttpWithObjectiveC-Prefix.pch */,
				5DB3077B134D4EEF0074CD9A /* main.m */,
			);
			name = "Supporting Files";
			sourceTree = "<group>";
		};
/* End PBXGroup section */

/* Begin PBXNativeTarget section */
		5DB30769134D4EEF0074CD9A /* HttpWithObjectiveC */ = {
			isa = PBXNativeTarget;
			buildConfigurationList = 5DB3078B134D4EEF0074CD9A /* Build configuration list for PBXNativeTarget "HttpWithObjectiveC" */;
			buildPhases = (
				5DB30766134D4EEF0074CD9A /* Sources */,
				5DB30767134D4EEF0074CD9A /* Frameworks */,
				5DB30768134D4EEF0074CD9A /* Resources */,
			);
			buildRules = (
			);
			dependencies = (
			);
			name = HttpWithObjectiveC;
			productName = HttpWithObjectiveC;
			productReference = 5DB3076A134D4EEF0074CD9A /* HttpWithObjectiveC.app */;
			productType = "com.apple.product-type.application";
		};
/* End PBXNativeTarget section */

/* Begin PBXProject section */
		5DB30761134D4EEF0074CD9A /* Project object */ = {
			isa = PBXProject;
			attributes = {
				ORGANIZATIONNAME = N/A;
			};
			buildConfigurationList = 5DB30764134D4EEF0074CD9A /* Build configuration list for PBXProject "HttpWithObjectiveC" */;
			compatibilityVersion = "Xcode 3.2";
			developmentRegion = English;
			hasScannedForEncodings = 0;
			knownRegions = (
				en,
			);
			mainGroup = 5DB3075F134D4EEF0074CD9A;
			productRefGroup = 5DB3076B134D4EEF0074CD9A /* Products */;
			projectDirPath = "";
			projectRoot = "";
			targets = (
				5DB30769134D4EEF0074CD9A /* HttpWithObjectiveC */,
			);
		};
/* End PBXProject section */

/* Begin PBXResourcesBuildPhase section */
		5DB30768134D4EEF0074CD9A /* Resources */ = {
			isa = PBXResourcesBuildPhase;
			buildActionMask = 2147483647;
			files = (
				5DB30779134D4EEF0074CD9A /* InfoPlist.strings in Resources */,
				5DB30782134D4EEF0074CD9A /* MainWindow.xib in Resources */,
				5DB30788134D4EEF0074CD9A /* HttpWithObjectiveCViewController.xib in Resources */,
			);
			runOnlyForDeploymentPostprocessing = 0;
		};
/* End PBXResourcesBuildPhase section */

/* Begin PBXSourcesBuildPhase section */
		5DB30766134D4EEF0074CD9A /* Sources */ = {
			isa = PBXSourcesBuildPhase;
			buildActionMask = 2147483647;
			files = (
				5DB3077C134D4EEF0074CD9A /* main.m in Sources */,
				5DB3077F134D4EEF0074CD9A /* HttpWithObjectiveCAppDelegate.m in Sources */,
				5DB30785134D4EEF0074CD9A /* HttpWithObjectiveCViewController.m in Sources */,
			);
			runOnlyForDeploymentPostprocessing = 0;
		};
/* End PBXSourcesBuildPhase section */

/* Begin PBXVariantGroup section */
		5DB30777134D4EEF0074CD9A /* InfoPlist.strings */ = {
			isa = PBXVariantGroup;
			children = (
				5DB30778134D4EEF0074CD9A /* en */,
			);
			name = InfoPlist.strings;
			sourceTree = "<group>";
		};
		5DB30780134D4EEF0074CD9A /* MainWindow.xib */ = {
			isa = PBXVariantGroup;
			children = (
				5DB30781134D4EEF0074CD9A /* en */,
			);
			name = MainWindow.xib;
			sourceTree = "<group>";
		};
		5DB30786134D4EEF0074CD9A /* HttpWithObjectiveCViewController.xib */ = {
			isa = PBXVariantGroup;
			children = (
				5DB30787134D4EEF0074CD9A /* en */,
			);
			name = HttpWithObjectiveCViewController.xib;
			sourceTree = "<group>";
		};
/* End PBXVariantGroup section */

/* Begin XCBuildConfiguration section */
		5DB30789134D4EEF0074CD9A /* Debug */ = {
			isa = XCBuildConfiguration;
			buildSettings = {
				ARCHS = "$(ARCHS_STANDARD_32_BIT)";
				"CODE_SIGN_IDENTITY[sdk=iphoneos*]" = "iPhone Developer";
				GCC_C_LANGUAGE_STANDARD = gnu99;
				GCC_OPTIMIZATION_LEVEL = 0;
				GCC_PREPROCESSOR_DEFINITIONS = DEBUG;
				GCC_SYMBOLS_PRIVATE_EXTERN = NO;
				GCC_VERSION = com.apple.compilers.llvmgcc42;
				GCC_WARN_ABOUT_RETURN_TYPE = YES;
				GCC_WARN_UNUSED_VARIABLE = YES;
				IPHONEOS_DEPLOYMENT_TARGET = 4.3;
				SDKROOT = iphoneos;
			};
			name = Debug;
		};
		5DB3078A134D4EEF0074CD9A /* Release */ = {
			isa = XCBuildConfiguration;
			buildSettings = {
				ARCHS = "$(ARCHS_STANDARD_32_BIT)";
				"CODE_SIGN_IDENTITY[sdk=iphoneos*]" = "iPhone Developer";
				GCC_C_LANGUAGE_STANDARD = gnu99;
				GCC_VERSION = com.apple.compilers.llvmgcc42;
				GCC_WARN_ABOUT_RETURN_TYPE = YES;
				GCC_WARN_UNUSED_VARIABLE = YES;
				IPHONEOS_DEPLOYMENT_TARGET = 4.3;
				OTHER_CFLAGS = "-DNS_BLOCK_ASSERTIONS=1";
				SDKROOT = iphoneos;
			};
			name = Release;
		};
		5DB3078C134D4EEF0074CD9A /* Debug */ = {
			isa = XCBuildConfiguration;
			buildSettings = {
				ALWAYS_SEARCH_USER_PATHS = NO;
				COPY_PHASE_STRIP = NO;
				GCC_DYNAMIC_NO_PIC = NO;
				GCC_PRECOMPILE_PREFIX_HEADER = YES;
				GCC_PREFIX_HEADER = "HttpWithObjectiveC/HttpWithObjectiveC-Prefix.pch";
				INFOPLIST_FILE = "HttpWithObjectiveC/HttpWithObjectiveC-Info.plist";
				PRODUCT_NAME = "$(TARGET_NAME)";
				WRAPPER_EXTENSION = app;
			};
			name = Debug;
		};
		5DB3078D134D4EEF0074CD9A /* Release */ = {
			isa = XCBuildConfiguration;
			buildSettings = {
				ALWAYS_SEARCH_USER_PATHS = NO;
				COPY_PHASE_STRIP = YES;
				GCC_PRECOMPILE_PREFIX_HEADER = YES;
				GCC_PREFIX_HEADER = "HttpWithObjectiveC/HttpWithObjectiveC-Prefix.pch";
				INFOPLIST_FILE = "HttpWithObjectiveC/HttpWithObjectiveC-Info.plist";
				PRODUCT_NAME = "$(TARGET_NAME)";
				VALIDATE_PRODUCT = YES;
				WRAPPER_EXTENSION = app;
			};
			name = Release;
		};
/* End XCBuildConfiguration section */

/* Begin XCConfigurationList section */
		5DB30764134D4EEF0074CD9A /* Build configuration list for PBXProject "HttpWithObjectiveC" */ = {
			isa = XCConfigurationList;
			buildConfigurations = (
				5DB30789134D4EEF0074CD9A /* Debug */,
				5DB3078A134D4EEF0074CD9A /* Release */,
			);
			defaultConfigurationIsVisible = 0;
			defaultConfigurationName = Release;
		};
		5DB3078B134D4EEF0074CD9A /* Build configuration list for PBXNativeTarget "HttpWithObjectiveC" */ = {
			isa = XCConfigurationList;
			buildConfigurations = (
				5DB3078C134D4EEF0074CD9A /* Debug */,
				5DB3078D134D4EEF0074CD9A /* Release */,
			);
			defaultConfigurationIsVisible = 0;
		};
/* End XCConfigurationList section */
	};
	rootObject = 5DB30761134D4EEF0074CD9A /* Project object */;
}
